
Microsoft Visual Studio Solution File, Format Version 12.00
# Visual Studio Version 17
VisualStudioVersion = 17.9.34728.123
MinimumVisualStudioVersion = 10.0.40219.1
Project("{FAE04EC0-301F-11D3-BF4B-00C04F79EFBC}") = "WpfApp12", "WpfApp12\WpfApp12.csproj", "{AD027248-B93E-43D8-ACB7-790E7AED51E3}"
EndProject
Global
	GlobalSection(SolutionConfigurationPlatforms) = preSolution
		Debug|Any CPU = Debug|Any CPU
		Release|Any CPU = Release|Any CPU
	EndGlobalSection
	GlobalSection(ProjectConfigurationPlatforms) = postSolution
		{AD027248-B93E-43D8-ACB7-790E7AED51E3}.Debug|Any CPU.ActiveCfg = Debug|Any CPU
		{AD027248-B93E-43D8-ACB7-790E7AED51E3}.Debug|Any CPU.Build.0 = Debug|Any CPU
		{AD027248-B93E-43D8-ACB7-790E7AED51E3}.Release|Any CPU.ActiveCfg = Release|Any CPU
		{AD027248-B93E-43D8-ACB7-790E7AED51E3}.Release|Any CPU.Build.0 = Release|Any CPU
	EndGlobalSection
	GlobalSection(SolutionProperties) = preSolution
		HideSolutionNode = FALSE
	EndGlobalSection
	GlobalSection(ExtensibilityGlobals) = postSolution
		SolutionGuid = {55D90462-1F3E-4B79-9D7E-D66FC9382119}
	EndGlobalSection
EndGlobal
